PODS:
  - Flutter (1.0.0)
  - flutter_app_pip (0.1.0):
    - Flutter

DEPENDENCIES:
  - Flutter (from `Flutter`)
  - flutter_app_pip (from `.symlinks/plugins/flutter_app_pip/ios`)

EXTERNAL SOURCES:
  Flutter:
    :path: Flutter
  flutter_app_pip:
    :path: ".symlinks/plugins/flutter_app_pip/ios"

SPEC CHECKSUMS:
  Flutter: e0871f40cf51350855a761d2e70bf5af5b9b5de7
  flutter_app_pip: 281251de3bceea96bdee6a3d98b24bd8d70536b4

PODFILE CHECKSUM: f8c2dcdfb50bb67645580d28a6bf814fca30bdec

COCOAPODS: 1.16.2
